
Microsoft Visual Studio Solution File, Format Version 12.00
# Visual Studio Version 16
VisualStudioVersion = 16.0.28803.352
MinimumVisualStudioVersion = 10.0.40219.1
Project("{FAE04EC0-301F-11D3-BF4B-00C04F79EFBC}") = "ASR.NETCoreMVS", "ASR.NETCoreMVS\ASR.NETCoreMVS.csproj", "{5AF80B18-2AA0-45C3-86F2-C8468D9A6E6B}"
EndProject
Global
	GlobalSection(SolutionConfigurationPlatforms) = preSolution
		Debug|Any CPU = Debug|Any CPU
		Release|Any CPU = Release|Any CPU
	EndGlobalSection
	GlobalSection(ProjectConfigurationPlatforms) = postSolution
		{5AF80B18-2AA0-45C3-86F2-C8468D9A6E6B}.Debug|Any CPU.ActiveCfg = Debug|Any CPU
		{5AF80B18-2AA0-45C3-86F2-C8468D9A6E6B}.Debug|Any CPU.Build.0 = Debug|Any CPU
		{5AF80B18-2AA0-45C3-86F2-C8468D9A6E6B}.Release|Any CPU.ActiveCfg = Release|Any CPU
		{5AF80B18-2AA0-45C3-86F2-C8468D9A6E6B}.Release|Any CPU.Build.0 = Release|Any CPU
	EndGlobalSection
	GlobalSection(SolutionProperties) = preSolution
		HideSolutionNode = FALSE
	EndGlobalSection
	GlobalSection(ExtensibilityGlobals) = postSolution
		SolutionGuid = {ECB1D71C-6796-46F7-9516-B69A323C5862}
	EndGlobalSection
EndGlobal
